
Microsoft Visual Studio Solution File, Format Version 12.00
# Visual Studio Version 16
VisualStudioVersion = 16.0.29609.76
MinimumVisualStudioVersion = 10.0.40219.1
Project("{FAE04EC0-301F-11D3-BF4B-00C04F79EFBC}") = "task3", "task3\task3.csproj", "{B362F7F2-8E74-48B3-9BC0-CB44414DD565}"
EndProject
Global
	GlobalSection(SolutionConfigurationPlatforms) = preSolution
		Debug|Any CPU = Debug|Any CPU
		Release|Any CPU = Release|Any CPU
	EndGlobalSection
	GlobalSection(ProjectConfigurationPlatforms) = postSolution
		{B362F7F2-8E74-48B3-9BC0-CB44414DD565}.Debug|Any CPU.ActiveCfg = Debug|Any CPU
		{B362F7F2-8E74-48B3-9BC0-CB44414DD565}.Debug|Any CPU.Build.0 = Debug|Any CPU
		{B362F7F2-8E74-48B3-9BC0-CB44414DD565}.Release|Any CPU.ActiveCfg = Release|Any CPU
		{B362F7F2-8E74-48B3-9BC0-CB44414DD565}.Release|Any CPU.Build.0 = Release|Any CPU
	EndGlobalSection
	GlobalSection(SolutionProperties) = preSolution
		HideSolutionNode = FALSE
	EndGlobalSection
	GlobalSection(ExtensibilityGlobals) = postSolution
		SolutionGuid = {FE9C4535-4A6D-4E29-8795-611CC7509DDB}
	EndGlobalSection
EndGlobal
